
Microsoft Visual Studio Solution File, Format Version 12.00
# Visual Studio Version 16
VisualStudioVersion = 25.0.1705.7
MinimumVisualStudioVersion = 10.0.40219.1
Project("{FAE04EC0-301F-11D3-BF4B-00C04F79EFBC}") = "SwiftSoultionsPatientPortal", "SwiftSoultionsPatientPortal.csproj", "{C708D3D7-771E-40FF-B216-7B89FE2C87FF}"
EndProject
Global
	GlobalSection(SolutionConfigurationPlatforms) = preSolution
		Debug|Any CPU = Debug|Any CPU
		Release|Any CPU = Release|Any CPU
	EndGlobalSection
	GlobalSection(ProjectConfigurationPlatforms) = postSolution
		{C708D3D7-771E-40FF-B216-7B89FE2C87FF}.Debug|Any CPU.ActiveCfg = Debug|Any CPU
		{C708D3D7-771E-40FF-B216-7B89FE2C87FF}.Debug|Any CPU.Build.0 = Debug|Any CPU
		{C708D3D7-771E-40FF-B216-7B89FE2C87FF}.Release|Any CPU.ActiveCfg = Release|Any CPU
		{C708D3D7-771E-40FF-B216-7B89FE2C87FF}.Release|Any CPU.Build.0 = Release|Any CPU
	EndGlobalSection
	GlobalSection(SolutionProperties) = preSolution
		HideSolutionNode = FALSE
	EndGlobalSection
	GlobalSection(ExtensibilityGlobals) = postSolution
		SolutionGuid = {A8064A25-3831-44C7-A05C-43F0D98A6CBE}
	EndGlobalSection
EndGlobal
